{
  "name": "chrome-extension-arcgis-search",
  "version": "1.0.0",
  "lockfileVersion": 1,
  "requires": true,
  "dependencies": {
    "@types/chrome": {
      "version": "0.0.145",
      "resolved": "https://registry.npmjs.org/@types/chrome/-/chrome-0.0.145.tgz",
      "integrity": "sha512-vLvTMmfc8mvwOZzkmn2UwlWSNu0t0txBkyuIv8NgihRkvFCe6XJX65YZAgAP/RdBit3enhU2GTxCr+prn4uZmA==",
      "requires": {
        "@types/filesystem": "*",
        "@types/har-format": "*"
      }
    },
    "@types/filesystem": {
      "version": "0.0.30",
      "resolved": "https://registry.npmjs.org/@types/filesystem/-/filesystem-0.0.30.tgz",
      "integrity": "sha512-NCoRgmGmLpTT9VFL6Bb6z0jQuqI3d0E5FGl7M0JOv/J5RQYo9s5aOItPYnpckx9MbYQk1APLXcF8f20Vqnf2yA==",
      "requires": {
        "@types/filewriter": "*"
      }
    },
    "@types/filewriter": {
      "version": "0.0.29",
      "resolved": "https://registry.npmjs.org/@types/filewriter/-/filewriter-0.0.29.tgz",
      "integrity": "sha512-BsPXH/irW0ht0Ji6iw/jJaK8Lj3FJemon2gvEqHKpCdDCeemHa+rI3WBGq5z7cDMZgoLjY40oninGxqk+8NzNQ=="
    },
    "@types/har-format": {
      "version": "1.2.6",
      "resolved": "https://registry.npmjs.org/@types/har-format/-/har-format-1.2.6.tgz",
      "integrity": "sha512-TeZjp4COiAWPOeGx1tuFJETr/SBMx80lxqeqnCC36ZVn463f7ElCdA3X9RzDuo3BHjhN4apw41A5uoIw5FzgWA=="
    }
  }
}
